
Microsoft Visual Studio Solution File, Format Version 12.00
# Visual Studio 15
VisualStudioVersion = 15.0.26124.0
MinimumVisualStudioVersion = 15.0.26124.0
Project("{FAE04EC0-301F-11D3-BF4B-00C04F79EFBC}") = "MyAwesomeBiz.Application", "MyAwesomeBiz.Application\MyAwesomeBiz.Application.csproj", "{B8685F11-D6AE-41E3-882F-4F72DC5189A3}"
EndProject
Project("{FAE04EC0-301F-11D3-BF4B-00C04F79EFBC}") = "MyAwesomeBiz.Data.Infrastructure", "MyAwesomeBiz.Data.Infrastructure\MyAwesomeBiz.Data.Infrastructure.csproj", "{83D1A65F-F950-44CF-8B34-0FEE30686D67}"
EndProject
Project("{FAE04EC0-301F-11D3-BF4B-00C04F79EFBC}") = "MyAwesomeBiz.Domain", "MyAwesomeBiz.Domain\MyAwesomeBiz.Domain.csproj", "{0829C4DD-4025-40C8-928F-475296C12D62}"
EndProject
Project("{FAE04EC0-301F-11D3-BF4B-00C04F79EFBC}") = "MyAwesomeBiz.Web.API", "MyAwesomeBiz.Web.API\MyAwesomeBiz.Web.API.csproj", "{97A1B9BF-BEFB-406C-9C2B-19794C28576B}"
EndProject
Global
	GlobalSection(SolutionConfigurationPlatforms) = preSolution
		Debug|Any CPU = Debug|Any CPU
		Debug|x64 = Debug|x64
		Debug|x86 = Debug|x86
		Release|Any CPU = Release|Any CPU
		Release|x64 = Release|x64
		Release|x86 = Release|x86
	EndGlobalSection
	GlobalSection(SolutionProperties) = preSolution
		HideSolutionNode = FALSE
	EndGlobalSection
	GlobalSection(ProjectConfigurationPlatforms) = postSolution
		{B8685F11-D6AE-41E3-882F-4F72DC5189A3}.Debug|Any CPU.ActiveCfg = Debug|Any CPU
		{B8685F11-D6AE-41E3-882F-4F72DC5189A3}.Debug|Any CPU.Build.0 = Debug|Any CPU
		{B8685F11-D6AE-41E3-882F-4F72DC5189A3}.Debug|x64.ActiveCfg = Debug|Any CPU
		{B8685F11-D6AE-41E3-882F-4F72DC5189A3}.Debug|x64.Build.0 = Debug|Any CPU
		{B8685F11-D6AE-41E3-882F-4F72DC5189A3}.Debug|x86.ActiveCfg = Debug|Any CPU
		{B8685F11-D6AE-41E3-882F-4F72DC5189A3}.Debug|x86.Build.0 = Debug|Any CPU
		{B8685F11-D6AE-41E3-882F-4F72DC5189A3}.Release|Any CPU.ActiveCfg = Release|Any CPU
		{B8685F11-D6AE-41E3-882F-4F72DC5189A3}.Release|Any CPU.Build.0 = Release|Any CPU
		{B8685F11-D6AE-41E3-882F-4F72DC5189A3}.Release|x64.ActiveCfg = Release|Any CPU
		{B8685F11-D6AE-41E3-882F-4F72DC5189A3}.Release|x64.Build.0 = Release|Any CPU
		{B8685F11-D6AE-41E3-882F-4F72DC5189A3}.Release|x86.ActiveCfg = Release|Any CPU
		{B8685F11-D6AE-41E3-882F-4F72DC5189A3}.Release|x86.Build.0 = Release|Any CPU
		{83D1A65F-F950-44CF-8B34-0FEE30686D67}.Debug|Any CPU.ActiveCfg = Debug|Any CPU
		{83D1A65F-F950-44CF-8B34-0FEE30686D67}.Debug|Any CPU.Build.0 = Debug|Any CPU
		{83D1A65F-F950-44CF-8B34-0FEE30686D67}.Debug|x64.ActiveCfg = Debug|Any CPU
		{83D1A65F-F950-44CF-8B34-0FEE30686D67}.Debug|x64.Build.0 = Debug|Any CPU
		{83D1A65F-F950-44CF-8B34-0FEE30686D67}.Debug|x86.ActiveCfg = Debug|Any CPU
		{83D1A65F-F950-44CF-8B34-0FEE30686D67}.Debug|x86.Build.0 = Debug|Any CPU
		{83D1A65F-F950-44CF-8B34-0FEE30686D67}.Release|Any CPU.ActiveCfg = Release|Any CPU
		{83D1A65F-F950-44CF-8B34-0FEE30686D67}.Release|Any CPU.Build.0 = Release|Any CPU
		{83D1A65F-F950-44CF-8B34-0FEE30686D67}.Release|x64.ActiveCfg = Release|Any CPU
		{83D1A65F-F950-44CF-8B34-0FEE30686D67}.Release|x64.Build.0 = Release|Any CPU
		{83D1A65F-F950-44CF-8B34-0FEE30686D67}.Release|x86.ActiveCfg = Release|Any CPU
		{83D1A65F-F950-44CF-8B34-0FEE30686D67}.Release|x86.Build.0 = Release|Any CPU
		{0829C4DD-4025-40C8-928F-475296C12D62}.Debug|Any CPU.ActiveCfg = Debug|Any CPU
		{0829C4DD-4025-40C8-928F-475296C12D62}.Debug|Any CPU.Build.0 = Debug|Any CPU
		{0829C4DD-4025-40C8-928F-475296C12D62}.Debug|x64.ActiveCfg = Debug|Any CPU
		{0829C4DD-4025-40C8-928F-475296C12D62}.Debug|x64.Build.0 = Debug|Any CPU
		{0829C4DD-4025-40C8-928F-475296C12D62}.Debug|x86.ActiveCfg = Debug|Any CPU
		{0829C4DD-4025-40C8-928F-475296C12D62}.Debug|x86.Build.0 = Debug|Any CPU
		{0829C4DD-4025-40C8-928F-475296C12D62}.Release|Any CPU.ActiveCfg = Release|Any CPU
		{0829C4DD-4025-40C8-928F-475296C12D62}.Release|Any CPU.Build.0 = Release|Any CPU
		{0829C4DD-4025-40C8-928F-475296C12D62}.Release|x64.ActiveCfg = Release|Any CPU
		{0829C4DD-4025-40C8-928F-475296C12D62}.Release|x64.Build.0 = Release|Any CPU
		{0829C4DD-4025-40C8-928F-475296C12D62}.Release|x86.ActiveCfg = Release|Any CPU
		{0829C4DD-4025-40C8-928F-475296C12D62}.Release|x86.Build.0 = Release|Any CPU
		{97A1B9BF-BEFB-406C-9C2B-19794C28576B}.Debug|Any CPU.ActiveCfg = Debug|Any CPU
		{97A1B9BF-BEFB-406C-9C2B-19794C28576B}.Debug|Any CPU.Build.0 = Debug|Any CPU
		{97A1B9BF-BEFB-406C-9C2B-19794C28576B}.Debug|x64.ActiveCfg = Debug|Any CPU
		{97A1B9BF-BEFB-406C-9C2B-19794C28576B}.Debug|x64.Build.0 = Debug|Any CPU
		{97A1B9BF-BEFB-406C-9C2B-19794C28576B}.Debug|x86.ActiveCfg = Debug|Any CPU
		{97A1B9BF-BEFB-406C-9C2B-19794C28576B}.Debug|x86.Build.0 = Debug|Any CPU
		{97A1B9BF-BEFB-406C-9C2B-19794C28576B}.Release|Any CPU.ActiveCfg = Release|Any CPU
		{97A1B9BF-BEFB-406C-9C2B-19794C28576B}.Release|Any CPU.Build.0 = Release|Any CPU
		{97A1B9BF-BEFB-406C-9C2B-19794C28576B}.Release|x64.ActiveCfg = Release|Any CPU
		{97A1B9BF-BEFB-406C-9C2B-19794C28576B}.Release|x64.Build.0 = Release|Any CPU
		{97A1B9BF-BEFB-406C-9C2B-19794C28576B}.Release|x86.ActiveCfg = Release|Any CPU
		{97A1B9BF-BEFB-406C-9C2B-19794C28576B}.Release|x86.Build.0 = Release|Any CPU
	EndGlobalSection
EndGlobal
